
Microsoft Visual Studio Solution File, Format Version 12.00
Project("{FAE04EC0-301F-11D3-BF4B-00C04F79EFBC}") = "Publiser", "Publiser\Publiser.csproj", "{D309F23D-C1E8-447A-B17C-77C6D894D320}"
EndProject
Global
	GlobalSection(SolutionConfigurationPlatforms) = preSolution
		Debug|Any CPU = Debug|Any CPU
		Release|Any CPU = Release|Any CPU
	EndGlobalSection
	GlobalSection(ProjectConfigurationPlatforms) = postSolution
		{D309F23D-C1E8-447A-B17C-77C6D894D320}.Debug|Any CPU.ActiveCfg = Debug|Any CPU
		{D309F23D-C1E8-447A-B17C-77C6D894D320}.Debug|Any CPU.Build.0 = Debug|Any CPU
		{D309F23D-C1E8-447A-B17C-77C6D894D320}.Release|Any CPU.ActiveCfg = Release|Any CPU
		{D309F23D-C1E8-447A-B17C-77C6D894D320}.Release|Any CPU.Build.0 = Release|Any CPU
	EndGlobalSection
EndGlobal
