
Microsoft Visual Studio Solution File, Format Version 12.00
Project("{FAE04EC0-301F-11D3-BF4B-00C04F79EFBC}") = "Consumer.ERROR", "Consumer.ERROR\Consumer.ERROR.csproj", "{9904514F-1861-4683-80C0-4BDF276A1C66}"
EndProject
Global
	GlobalSection(SolutionConfigurationPlatforms) = preSolution
		Debug|Any CPU = Debug|Any CPU
		Release|Any CPU = Release|Any CPU
	EndGlobalSection
	GlobalSection(ProjectConfigurationPlatforms) = postSolution
		{9904514F-1861-4683-80C0-4BDF276A1C66}.Debug|Any CPU.ActiveCfg = Debug|Any CPU
		{9904514F-1861-4683-80C0-4BDF276A1C66}.Debug|Any CPU.Build.0 = Debug|Any CPU
		{9904514F-1861-4683-80C0-4BDF276A1C66}.Release|Any CPU.ActiveCfg = Release|Any CPU
		{9904514F-1861-4683-80C0-4BDF276A1C66}.Release|Any CPU.Build.0 = Release|Any CPU
	EndGlobalSection
EndGlobal
