
Microsoft Visual Studio Solution File, Format Version 12.00
Project("{FAE04EC0-301F-11D3-BF4B-00C04F79EFBC}") = "Consumer.Information", "Consumer.Information\Consumer.Information.csproj", "{F22221DF-F3E9-4D0C-9172-B8DE7AF0BEEC}"
EndProject
Global
	GlobalSection(SolutionConfigurationPlatforms) = preSolution
		Debug|Any CPU = Debug|Any CPU
		Release|Any CPU = Release|Any CPU
	EndGlobalSection
	GlobalSection(ProjectConfigurationPlatforms) = postSolution
		{F22221DF-F3E9-4D0C-9172-B8DE7AF0BEEC}.Debug|Any CPU.ActiveCfg = Debug|Any CPU
		{F22221DF-F3E9-4D0C-9172-B8DE7AF0BEEC}.Debug|Any CPU.Build.0 = Debug|Any CPU
		{F22221DF-F3E9-4D0C-9172-B8DE7AF0BEEC}.Release|Any CPU.ActiveCfg = Release|Any CPU
		{F22221DF-F3E9-4D0C-9172-B8DE7AF0BEEC}.Release|Any CPU.Build.0 = Release|Any CPU
	EndGlobalSection
EndGlobal
